{
  "requires": true,
  "lockfileVersion": 1,
  "dependencies": {
    "serverless-plugin-existing-s3": {
      "version": "2.3.0",
      "resolved": "https://registry.npmjs.org/serverless-plugin-existing-s3/-/serverless-plugin-existing-s3-2.3.0.tgz",
      "integrity": "sha512-lFj/QHvfiYQgCiW6FwZNL537mS5BgM3GyzyzhlMaKulGPQs0Ja4vO/l9eQgjZXQeShLeGDrHlFKY0thVLyFQeg=="
    }
  }
}
